
Microsoft Visual Studio Solution File, Format Version 12.00
# Visual Studio Version 17
VisualStudioVersion = 17.10.35122.118
MinimumVisualStudioVersion = 10.0.40219.1
Project("{9A19103F-16F7-4668-BE54-9A1E7A4F7556}") = "NPCarManagerAppServer", "NPCarManagerAppServer\NPCarManagerAppServer.csproj", "{9ECE65BC-10DC-450D-AE2B-B71056BB815F}"
EndProject
Project("{FAE04EC0-301F-11D3-BF4B-00C04F79EFBC}") = "NPCarManagerAppClient", "NPCarManagerAppClient\NPCarManagerAppClient.csproj", "{F5BF6E46-0866-4BF6-B6D2-682C5E724F71}"
EndProject
Project("{FAE04EC0-301F-11D3-BF4B-00C04F79EFBC}") = "NPCarManagerApp.Commands", "NPCarManagerApp.Commands\NPCarManagerApp.Commands.csproj", "{38731533-59A9-4321-9128-4D7BEF30C6B7}"
EndProject
Global
	GlobalSection(SolutionConfigurationPlatforms) = preSolution
		Debug|Any CPU = Debug|Any CPU
		Release|Any CPU = Release|Any CPU
	EndGlobalSection
	GlobalSection(ProjectConfigurationPlatforms) = postSolution
		{9ECE65BC-10DC-450D-AE2B-B71056BB815F}.Debug|Any CPU.ActiveCfg = Debug|Any CPU
		{9ECE65BC-10DC-450D-AE2B-B71056BB815F}.Debug|Any CPU.Build.0 = Debug|Any CPU
		{9ECE65BC-10DC-450D-AE2B-B71056BB815F}.Release|Any CPU.ActiveCfg = Release|Any CPU
		{9ECE65BC-10DC-450D-AE2B-B71056BB815F}.Release|Any CPU.Build.0 = Release|Any CPU
		{F5BF6E46-0866-4BF6-B6D2-682C5E724F71}.Debug|Any CPU.ActiveCfg = Debug|Any CPU
		{F5BF6E46-0866-4BF6-B6D2-682C5E724F71}.Debug|Any CPU.Build.0 = Debug|Any CPU
		{F5BF6E46-0866-4BF6-B6D2-682C5E724F71}.Release|Any CPU.ActiveCfg = Release|Any CPU
		{F5BF6E46-0866-4BF6-B6D2-682C5E724F71}.Release|Any CPU.Build.0 = Release|Any CPU
		{38731533-59A9-4321-9128-4D7BEF30C6B7}.Debug|Any CPU.ActiveCfg = Debug|Any CPU
		{38731533-59A9-4321-9128-4D7BEF30C6B7}.Debug|Any CPU.Build.0 = Debug|Any CPU
		{38731533-59A9-4321-9128-4D7BEF30C6B7}.Release|Any CPU.ActiveCfg = Release|Any CPU
		{38731533-59A9-4321-9128-4D7BEF30C6B7}.Release|Any CPU.Build.0 = Release|Any CPU
	EndGlobalSection
	GlobalSection(SolutionProperties) = preSolution
		HideSolutionNode = FALSE
	EndGlobalSection
	GlobalSection(ExtensibilityGlobals) = postSolution
		SolutionGuid = {018F48EB-AE31-4E18-BC2F-881106CAA1EE}
	EndGlobalSection
EndGlobal
